{
  "object": {
    "pins": [
      {
        "package": "RxSwift",
        "repositoryURL": "https://github.com/ReactiveX/RxSwift.git",
        "state": {
          "branch": "main",
          "revision": "e0ab8c4e18baf6679a65b325155923276b832687",
          "version": null
        }
      },
      {
        "package": "SDWebImage",
        "repositoryURL": "https://github.com/SDWebImage/SDWebImage.git",
        "state": {
          "branch": null,
          "revision": "cc1995b73883a1f97931366879d862c53a32bf82",
          "version": "5.13.1"
        }
      }
    ]
  },
  "version": 1
}
